// !$*UTF8*$!
{
	archiveVersion = 1;
	classes = {
	};
	objectVersion = 45;
	objects = {

/* Begin PBXAggregateTarget section */
		24416B8111C4CA220047AFDD /* Build & Test */ = {
			isa = PBXAggregateTarget;
			buildConfigurationList = 24416B8A11C4CA520047AFDD /* Build configuration list for PBXAggregateTarget "Build & Test" */;
			buildPhases = (
				24416B8011C4CA220047AFDD /* ShellScript */,
			);
			dependencies = (
				24416B8511C4CA280047AFDD /* PBXTargetDependency */,
			);
			name = "Build & Test";
			productName = "Build & test";
		};
/* End PBXAggregateTarget section */

/* Begin PBXBuildFile section */
		13F3AB1118C9D91D0050DAC7 /* UIKit.framework in Frameworks */ = {isa = PBXBuildFile; fileRef = 13F3AB1018C9D91D0050DAC7 /* UIKit.framework */; };
		13F3AB1318C9D9230050DAC7 /* CoreGraphics.framework in Frameworks */ = {isa = PBXBuildFile; fileRef = 13F3AB1218C9D9230050DAC7 /* CoreGraphics.framework */; };
		7FDA0BF418D119A4000C4474 /* CoreImage.framework in Frameworks */ = {isa = PBXBuildFile; fileRef = 7FDA0BF318D119A4000C4474 /* CoreImage.framework */; };
		96A1DC1E18DF577800BB10C9 /* ShimmerView.h in Headers */ = {isa = PBXBuildFile; fileRef = 96A1DC1618DF577800BB10C9 /* ShimmerView.h */; };
		96A1DC1F18DF577800BB10C9 /* ShimmerView.m in Sources */ = {isa = PBXBuildFile; fileRef = 96A1DC1718DF577800BB10C9 /* ShimmerView.m */; };
		96A1DC2018DF577800BB10C9 /* ShimmerViewProxy.h in Headers */ = {isa = PBXBuildFile; fileRef = 96A1DC1818DF577800BB10C9 /* ShimmerViewProxy.h */; };
		96A1DC2118DF577800BB10C9 /* ShimmerViewProxy.m in Sources */ = {isa = PBXBuildFile; fileRef = 96A1DC1918DF577800BB10C9 /* ShimmerViewProxy.m */; };
		96A1DC2A18DF57AC00BB10C9 /* FBShimmering.h in Headers */ = {isa = PBXBuildFile; fileRef = 96A1DC2518DF57AC00BB10C9 /* FBShimmering.h */; };
		96A1DC2B18DF57AC00BB10C9 /* FBShimmeringLayer.h in Headers */ = {isa = PBXBuildFile; fileRef = 96A1DC2618DF57AC00BB10C9 /* FBShimmeringLayer.h */; };
		96A1DC2C18DF57AC00BB10C9 /* FBShimmeringLayer.m in Sources */ = {isa = PBXBuildFile; fileRef = 96A1DC2718DF57AC00BB10C9 /* FBShimmeringLayer.m */; };
		96A1DC3318DF5D5400BB10C9 /* ShimmerModule.h in Headers */ = {isa = PBXBuildFile; fileRef = 96A1DC2F18DF5D5400BB10C9 /* ShimmerModule.h */; };
		96A1DC3418DF5D5400BB10C9 /* ShimmerModule.m in Sources */ = {isa = PBXBuildFile; fileRef = 96A1DC3018DF5D5400BB10C9 /* ShimmerModule.m */; };
		96A1DC3518DF5D5400BB10C9 /* ShimmerModuleAssets.h in Headers */ = {isa = PBXBuildFile; fileRef = 96A1DC3118DF5D5400BB10C9 /* ShimmerModuleAssets.h */; };
		96A1DC3618DF5D5400BB10C9 /* ShimmerModuleAssets.m in Sources */ = {isa = PBXBuildFile; fileRef = 96A1DC3218DF5D5400BB10C9 /* ShimmerModuleAssets.m */; };
		AA747D9F0F9514B9006C5449 /* ItScsoftShimmer_Prefix.pch in Headers */ = {isa = PBXBuildFile; fileRef = AA747D9E0F9514B9006C5449 /* ItScsoftShimmer_Prefix.pch */; };
		AACBBE4A0F95108600F1A2B1 /* Foundation.framework in Frameworks */ = {isa = PBXBuildFile; fileRef = AACBBE490F95108600F1A2B1 /* Foundation.framework */; };
/* End PBXBuildFile section */

/* Begin PBXContainerItemProxy section */
		24416B8411C4CA280047AFDD /* PBXContainerItemProxy */ = {
			isa = PBXContainerItemProxy;
			containerPortal = 0867D690FE84028FC02AAC07 /* Project object */;
			proxyType = 1;
			remoteGlobalIDString = D2AAC07D0554694100DB518D;
			remoteInfo = Shimmer;
		};
/* End PBXContainerItemProxy section */

/* Begin PBXFileReference section */
		13F3AB1018C9D91D0050DAC7 /* UIKit.framework */ = {isa = PBXFileReference; lastKnownFileType = wrapper.framework; name = UIKit.framework; path = System/Library/Frameworks/UIKit.framework; sourceTree = SDKROOT; };
		13F3AB1218C9D9230050DAC7 /* CoreGraphics.framework */ = {isa = PBXFileReference; lastKnownFileType = wrapper.framework; name = CoreGraphics.framework; path = System/Library/Frameworks/CoreGraphics.framework; sourceTree = SDKROOT; };
		24DD6D1B1134B66800162E58 /* titanium.xcconfig */ = {isa = PBXFileReference; fileEncoding = 4; lastKnownFileType = text.xcconfig; path = titanium.xcconfig; sourceTree = "<group>"; };
		7FDA0BF318D119A4000C4474 /* CoreImage.framework */ = {isa = PBXFileReference; lastKnownFileType = wrapper.framework; name = CoreImage.framework; path = System/Library/Frameworks/CoreImage.framework; sourceTree = SDKROOT; };
		96A1DC1618DF577800BB10C9 /* ShimmerView.h */ = {isa = PBXFileReference; fileEncoding = 4; lastKnownFileType = sourcecode.c.h; name = ShimmerView.h; path = Classes/ShimmerView.h; sourceTree = "<group>"; };
		96A1DC1718DF577800BB10C9 /* ShimmerView.m */ = {isa = PBXFileReference; fileEncoding = 4; lastKnownFileType = sourcecode.c.objc; name = ShimmerView.m; path = Classes/ShimmerView.m; sourceTree = "<group>"; };
		96A1DC1818DF577800BB10C9 /* ShimmerViewProxy.h */ = {isa = PBXFileReference; fileEncoding = 4; lastKnownFileType = sourcecode.c.h; name = ShimmerViewProxy.h; path = Classes/ShimmerViewProxy.h; sourceTree = "<group>"; };
		96A1DC1918DF577800BB10C9 /* ShimmerViewProxy.m */ = {isa = PBXFileReference; fileEncoding = 4; lastKnownFileType = sourcecode.c.objc; name = ShimmerViewProxy.m; path = Classes/ShimmerViewProxy.m; sourceTree = "<group>"; };
		96A1DC2518DF57AC00BB10C9 /* FBShimmering.h */ = {isa = PBXFileReference; fileEncoding = 4; lastKnownFileType = sourcecode.c.h; name = FBShimmering.h; path = FBShimmering/FBShimmering/FBShimmering.h; sourceTree = "<group>"; };
		96A1DC2618DF57AC00BB10C9 /* FBShimmeringLayer.h */ = {isa = PBXFileReference; fileEncoding = 4; lastKnownFileType = sourcecode.c.h; name = FBShimmeringLayer.h; path = FBShimmering/FBShimmering/FBShimmeringLayer.h; sourceTree = "<group>"; };
		96A1DC2718DF57AC00BB10C9 /* FBShimmeringLayer.m */ = {isa = PBXFileReference; fileEncoding = 4; lastKnownFileType = sourcecode.c.objc; name = FBShimmeringLayer.m; path = FBShimmering/FBShimmering/FBShimmeringLayer.m; sourceTree = "<group>"; };
		96A1DC2818DF57AC00BB10C9 /* FBShimmeringView.h */ = {isa = PBXFileReference; fileEncoding = 4; lastKnownFileType = sourcecode.c.h; name = FBShimmeringView.h; path = FBShimmering/FBShimmering/FBShimmeringView.h; sourceTree = "<group>"; };
		96A1DC2918DF57AC00BB10C9 /* FBShimmeringView.m */ = {isa = PBXFileReference; fileEncoding = 4; lastKnownFileType = sourcecode.c.objc; name = FBShimmeringView.m; path = FBShimmering/FBShimmering/FBShimmeringView.m; sourceTree = "<group>"; };
		96A1DC2F18DF5D5400BB10C9 /* ShimmerModule.h */ = {isa = PBXFileReference; fileEncoding = 4; lastKnownFileType = sourcecode.c.h; name = ShimmerModule.h; path = Classes/ShimmerModule.h; sourceTree = "<group>"; };
		96A1DC3018DF5D5400BB10C9 /* ShimmerModule.m */ = {isa = PBXFileReference; fileEncoding = 4; lastKnownFileType = sourcecode.c.objc; name = ShimmerModule.m; path = Classes/ShimmerModule.m; sourceTree = "<group>"; };
		96A1DC3118DF5D5400BB10C9 /* ShimmerModuleAssets.h */ = {isa = PBXFileReference; fileEncoding = 4; lastKnownFileType = sourcecode.c.h; name = ShimmerModuleAssets.h; path = Classes/ShimmerModuleAssets.h; sourceTree = "<group>"; };
		96A1DC3218DF5D5400BB10C9 /* ShimmerModuleAssets.m */ = {isa = PBXFileReference; fileEncoding = 4; lastKnownFileType = sourcecode.c.objc; name = ShimmerModuleAssets.m; path = Classes/ShimmerModuleAssets.m; sourceTree = "<group>"; };
		AA747D9E0F9514B9006C5449 /* ItScsoftShimmer_Prefix.pch */ = {isa = PBXFileReference; fileEncoding = 4; lastKnownFileType = sourcecode.c.h; path = ItScsoftShimmer_Prefix.pch; sourceTree = SOURCE_ROOT; };
		AACBBE490F95108600F1A2B1 /* Foundation.framework */ = {isa = PBXFileReference; lastKnownFileType = wrapper.framework; name = Foundation.framework; path = System/Library/Frameworks/Foundation.framework; sourceTree = SDKROOT; };
		D2AAC07E0554694100DB518D /* libItScsoftShimmer.a */ = {isa = PBXFileReference; explicitFileType = archive.ar; includeInIndex = 0; path = libItScsoftShimmer.a; sourceTree = BUILT_PRODUCTS_DIR; };
/* End PBXFileReference section */

/* Begin PBXFrameworksBuildPhase section */
		D2AAC07C0554694100DB518D /* Frameworks */ = {
			isa = PBXFrameworksBuildPhase;
			buildActionMask = 2147483647;
			files = (
				7FDA0BF418D119A4000C4474 /* CoreImage.framework in Frameworks */,
				13F3AB1318C9D9230050DAC7 /* CoreGraphics.framework in Frameworks */,
				13F3AB1118C9D91D0050DAC7 /* UIKit.framework in Frameworks */,
				AACBBE4A0F95108600F1A2B1 /* Foundation.framework in Frameworks */,
			);
			runOnlyForDeploymentPostprocessing = 0;
		};
/* End PBXFrameworksBuildPhase section */

/* Begin PBXGroup section */
		034768DFFF38A50411DB9C8B /* Products */ = {
			isa = PBXGroup;
			children = (
				D2AAC07E0554694100DB518D /* libItScsoftShimmer.a */,
			);
			name = Products;
			sourceTree = "<group>";
		};
		0867D691FE84028FC02AAC07 /* Shimmer */ = {
			isa = PBXGroup;
			children = (
				96A1DC2218DF577F00BB10C9 /* FBShimmer */,
				08FB77AEFE84172EC02AAC07 /* Classes */,
				32C88DFF0371C24200C91783 /* Other Sources */,
				0867D69AFE84028FC02AAC07 /* Frameworks */,
				034768DFFF38A50411DB9C8B /* Products */,
			);
			name = Shimmer;
			sourceTree = "<group>";
		};
		0867D69AFE84028FC02AAC07 /* Frameworks */ = {
			isa = PBXGroup;
			children = (
				7FDA0BF318D119A4000C4474 /* CoreImage.framework */,
				13F3AB1218C9D9230050DAC7 /* CoreGraphics.framework */,
				13F3AB1018C9D91D0050DAC7 /* UIKit.framework */,
				AACBBE490F95108600F1A2B1 /* Foundation.framework */,
			);
			name = Frameworks;
			sourceTree = "<group>";
		};
		08FB77AEFE84172EC02AAC07 /* Classes */ = {
			isa = PBXGroup;
			children = (
				96A1DC2F18DF5D5400BB10C9 /* ShimmerModule.h */,
				96A1DC3018DF5D5400BB10C9 /* ShimmerModule.m */,
				96A1DC3118DF5D5400BB10C9 /* ShimmerModuleAssets.h */,
				96A1DC3218DF5D5400BB10C9 /* ShimmerModuleAssets.m */,
				96A1DC1618DF577800BB10C9 /* ShimmerView.h */,
				96A1DC1718DF577800BB10C9 /* ShimmerView.m */,
				96A1DC1818DF577800BB10C9 /* ShimmerViewProxy.h */,
				96A1DC1918DF577800BB10C9 /* ShimmerViewProxy.m */,
			);
			name = Classes;
			sourceTree = "<group>";
		};
		32C88DFF0371C24200C91783 /* Other Sources */ = {
			isa = PBXGroup;
			children = (
				AA747D9E0F9514B9006C5449 /* ItScsoftShimmer_Prefix.pch */,
				24DD6D1B1134B66800162E58 /* titanium.xcconfig */,
			);
			name = "Other Sources";
			sourceTree = "<group>";
		};
		96A1DC2218DF577F00BB10C9 /* FBShimmer */ = {
			isa = PBXGroup;
			children = (
				96A1DC2518DF57AC00BB10C9 /* FBShimmering.h */,
				96A1DC2618DF57AC00BB10C9 /* FBShimmeringLayer.h */,
				96A1DC2718DF57AC00BB10C9 /* FBShimmeringLayer.m */,
				96A1DC2818DF57AC00BB10C9 /* FBShimmeringView.h */,
				96A1DC2918DF57AC00BB10C9 /* FBShimmeringView.m */,
			);
			name = FBShimmer;
			sourceTree = "<group>";
		};
/* End PBXGroup section */

/* Begin PBXHeadersBuildPhase section */
		D2AAC07A0554694100DB518D /* Headers */ = {
			isa = PBXHeadersBuildPhase;
			buildActionMask = 2147483647;
			files = (
				AA747D9F0F9514B9006C5449 /* ItScsoftShimmer_Prefix.pch in Headers */,
				96A1DC2B18DF57AC00BB10C9 /* FBShimmeringLayer.h in Headers */,
				96A1DC3318DF5D5400BB10C9 /* ShimmerModule.h in Headers */,
				96A1DC2A18DF57AC00BB10C9 /* FBShimmering.h in Headers */,
				96A1DC3518DF5D5400BB10C9 /* ShimmerModuleAssets.h in Headers */,
				96A1DC2018DF577800BB10C9 /* ShimmerViewProxy.h in Headers */,
				96A1DC1E18DF577800BB10C9 /* ShimmerView.h in Headers */,
			);
			runOnlyForDeploymentPostprocessing = 0;
		};
/* End PBXHeadersBuildPhase section */

/* Begin PBXNativeTarget section */
		D2AAC07D0554694100DB518D /* Shimmer */ = {
			isa = PBXNativeTarget;
			buildConfigurationList = 1DEB921E08733DC00010E9CD /* Build configuration list for PBXNativeTarget "Shimmer" */;
			buildPhases = (
				D2AAC07A0554694100DB518D /* Headers */,
				D2AAC07B0554694100DB518D /* Sources */,
				D2AAC07C0554694100DB518D /* Frameworks */,
			);
			buildRules = (
			);
			dependencies = (
			);
			name = Shimmer;
			productName = Shimmer;
			productReference = D2AAC07E0554694100DB518D /* libItScsoftShimmer.a */;
			productType = "com.apple.product-type.library.static";
		};
/* End PBXNativeTarget section */

/* Begin PBXProject section */
		0867D690FE84028FC02AAC07 /* Project object */ = {
			isa = PBXProject;
			attributes = {
			};
			buildConfigurationList = 1DEB922208733DC00010E9CD /* Build configuration list for PBXProject "Shimmer" */;
			compatibilityVersion = "Xcode 3.1";
			developmentRegion = English;
			hasScannedForEncodings = 1;
			knownRegions = (
				English,
				Japanese,
				French,
				German,
			);
			mainGroup = 0867D691FE84028FC02AAC07 /* Shimmer */;
			productRefGroup = 034768DFFF38A50411DB9C8B /* Products */;
			projectDirPath = "";
			projectRoot = "";
			targets = (
				D2AAC07D0554694100DB518D /* Shimmer */,
				24416B8111C4CA220047AFDD /* Build & Test */,
			);
		};
/* End PBXProject section */

/* Begin PBXShellScriptBuildPhase section */
		24416B8011C4CA220047AFDD /* ShellScript */ = {
			isa = PBXShellScriptBuildPhase;
			buildActionMask = 2147483647;
			files = (
			);
			inputPaths = (
			);
			outputPaths = (
			);
			runOnlyForDeploymentPostprocessing = 0;
			shellPath = /bin/sh;
			shellScript = "# shell script goes here\n\npython \"${TITANIUM_SDK}/titanium.py\" run --dir=\"${PROJECT_DIR}\"\nexit $?\n";
		};
/* End PBXShellScriptBuildPhase section */

/* Begin PBXSourcesBuildPhase section */
		D2AAC07B0554694100DB518D /* Sources */ = {
			isa = PBXSourcesBuildPhase;
			buildActionMask = 2147483647;
			files = (
				96A1DC2C18DF57AC00BB10C9 /* FBShimmeringLayer.m in Sources */,
				96A1DC3418DF5D5400BB10C9 /* ShimmerModule.m in Sources */,
				96A1DC1F18DF577800BB10C9 /* ShimmerView.m in Sources */,
				96A1DC3618DF5D5400BB10C9 /* ShimmerModuleAssets.m in Sources */,
				96A1DC2118DF577800BB10C9 /* ShimmerViewProxy.m in Sources */,
			);
			runOnlyForDeploymentPostprocessing = 0;
		};
/* End PBXSourcesBuildPhase section */

/* Begin PBXTargetDependency section */
		24416B8511C4CA280047AFDD /* PBXTargetDependency */ = {
			isa = PBXTargetDependency;
			target = D2AAC07D0554694100DB518D /* Shimmer */;
			targetProxy = 24416B8411C4CA280047AFDD /* PBXContainerItemProxy */;
		};
/* End PBXTargetDependency section */

/* Begin XCBuildConfiguration section */
		1DEB921F08733DC00010E9CD /* Debug */ = {
			isa = XCBuildConfiguration;
			baseConfigurationReference = 24DD6D1B1134B66800162E58 /* titanium.xcconfig */;
			buildSettings = {
				CLANG_ENABLE_OBJC_ARC = YES;
				CODE_SIGN_IDENTITY = "iPhone Developer";
				"CODE_SIGN_IDENTITY[sdk=iphoneos*]" = "iPhone Developer";
				DSTROOT = /tmp/ItScsoftShimmer.dst;
				GCC_C_LANGUAGE_STANDARD = c99;
				GCC_OPTIMIZATION_LEVEL = 0;
				GCC_PRECOMPILE_PREFIX_HEADER = YES;
				GCC_PREFIX_HEADER = ItScsoftShimmer_Prefix.pch;
				GCC_PREPROCESSOR_DEFINITIONS = "TI_VERSION=$(TI_VERSION)";
				GCC_TREAT_WARNINGS_AS_ERRORS = NO;
				GCC_VERSION = "";
				GCC_WARN_ABOUT_RETURN_TYPE = NO;
				GCC_WARN_MISSING_PARENTHESES = NO;
				GCC_WARN_SHADOW = NO;
				GCC_WARN_STRICT_SELECTOR_MATCH = NO;
				GCC_WARN_UNUSED_FUNCTION = YES;
				GCC_WARN_UNUSED_PARAMETER = NO;
				GCC_WARN_UNUSED_VALUE = NO;
				GCC_WARN_UNUSED_VARIABLE = NO;
				INSTALL_PATH = /usr/local/lib;
				LIBRARY_SEARCH_PATHS = /Users/francesco/Documents/Xcode/Shimmer;
				OTHER_CFLAGS = (
					"-DDEBUG",
					"-DTI_POST_1_2",
				);
				OTHER_LDFLAGS = "-ObjC";
				PRODUCT_NAME = ItScsoftShimmer;
				PROVISIONING_PROFILE = "";
				"PROVISIONING_PROFILE[sdk=iphoneos*]" = "";
				RUN_CLANG_STATIC_ANALYZER = NO;
				SDKROOT = iphoneos;
				USER_HEADER_SEARCH_PATHS = "";
			};
			name = Debug;
		};
		1DEB922008733DC00010E9CD /* Release */ = {
			isa = XCBuildConfiguration;
			baseConfigurationReference = 24DD6D1B1134B66800162E58 /* titanium.xcconfig */;
			buildSettings = {
				ALWAYS_SEARCH_USER_PATHS = NO;
				CLANG_ENABLE_OBJC_ARC = YES;
				DSTROOT = /tmp/ItScsoftShimmer.dst;
				GCC_C_LANGUAGE_STANDARD = c99;
				GCC_MODEL_TUNING = G5;
				GCC_PRECOMPILE_PREFIX_HEADER = YES;
				GCC_PREFIX_HEADER = ItScsoftShimmer_Prefix.pch;
				GCC_PREPROCESSOR_DEFINITIONS = "TI_VERSION=$(TI_VERSION)";
				GCC_TREAT_WARNINGS_AS_ERRORS = NO;
				GCC_VERSION = "";
				GCC_WARN_ABOUT_RETURN_TYPE = NO;
				GCC_WARN_MISSING_PARENTHESES = NO;
				GCC_WARN_SHADOW = NO;
				GCC_WARN_STRICT_SELECTOR_MATCH = NO;
				GCC_WARN_UNUSED_FUNCTION = YES;
				GCC_WARN_UNUSED_PARAMETER = NO;
				GCC_WARN_UNUSED_VALUE = NO;
				GCC_WARN_UNUSED_VARIABLE = NO;
				INSTALL_PATH = /usr/local/lib;
				IPHONEOS_DEPLOYMENT_TARGET = 6.1;
				LIBRARY_SEARCH_PATHS = /Users/francesco/Documents/Xcode/Shimmer;
				OTHER_CFLAGS = "-DTI_POST_1_2";
				OTHER_LDFLAGS = "-ObjC";
				PRODUCT_NAME = ItScsoftShimmer;
				RUN_CLANG_STATIC_ANALYZER = NO;
				SDKROOT = iphoneos;
				USER_HEADER_SEARCH_PATHS = "";
			};
			name = Release;
		};
		1DEB922308733DC00010E9CD /* Debug */ = {
			isa = XCBuildConfiguration;
			baseConfigurationReference = 24DD6D1B1134B66800162E58 /* titanium.xcconfig */;
			buildSettings = {
				CODE_SIGN_IDENTITY = "iPhone Developer";
				"CODE_SIGN_IDENTITY[sdk=iphoneos*]" = "iPhone Developer";
				DSTROOT = /tmp/ItScsoftShimmer.dst;
				GCC_C_LANGUAGE_STANDARD = c99;
				GCC_OPTIMIZATION_LEVEL = 0;
				GCC_PRECOMPILE_PREFIX_HEADER = YES;
				GCC_PREFIX_HEADER = ItScsoftShimmer_Prefix.pch;
				GCC_PREPROCESSOR_DEFINITIONS = "TI_VERSION=$(TI_VERSION)";
				GCC_TREAT_WARNINGS_AS_ERRORS = NO;
				GCC_VERSION = "";
				GCC_WARN_ABOUT_RETURN_TYPE = NO;
				GCC_WARN_MISSING_PARENTHESES = NO;
				GCC_WARN_SHADOW = NO;
				GCC_WARN_STRICT_SELECTOR_MATCH = NO;
				GCC_WARN_UNUSED_FUNCTION = YES;
				GCC_WARN_UNUSED_PARAMETER = NO;
				GCC_WARN_UNUSED_VALUE = NO;
				GCC_WARN_UNUSED_VARIABLE = NO;
				INSTALL_PATH = /usr/local/lib;
				OTHER_CFLAGS = (
					"-DDEBUG",
					"-DTI_POST_1_2",
				);
				OTHER_LDFLAGS = "-ObjC";
				PRODUCT_NAME = ItScsoftShimmer;
				PROVISIONING_PROFILE = "";
				"PROVISIONING_PROFILE[sdk=iphoneos*]" = "";
				RUN_CLANG_STATIC_ANALYZER = NO;
				SDKROOT = iphoneos;
				USER_HEADER_SEARCH_PATHS = "";
			};
			name = Debug;
		};
		1DEB922408733DC00010E9CD /* Release */ = {
			isa = XCBuildConfiguration;
			baseConfigurationReference = 24DD6D1B1134B66800162E58 /* titanium.xcconfig */;
			buildSettings = {
				ALWAYS_SEARCH_USER_PATHS = NO;
				DSTROOT = /tmp/ItScsoftShimmer.dst;
				GCC_C_LANGUAGE_STANDARD = c99;
				GCC_MODEL_TUNING = G5;
				GCC_PRECOMPILE_PREFIX_HEADER = YES;
				GCC_PREFIX_HEADER = ItScsoftShimmer_Prefix.pch;
				GCC_PREPROCESSOR_DEFINITIONS = "TI_VERSION=$(TI_VERSION)";
				GCC_TREAT_WARNINGS_AS_ERRORS = NO;
				GCC_VERSION = "";
				GCC_WARN_ABOUT_RETURN_TYPE = NO;
				GCC_WARN_MISSING_PARENTHESES = NO;
				GCC_WARN_SHADOW = NO;
				GCC_WARN_STRICT_SELECTOR_MATCH = NO;
				GCC_WARN_UNUSED_FUNCTION = YES;
				GCC_WARN_UNUSED_PARAMETER = NO;
				GCC_WARN_UNUSED_VALUE = NO;
				GCC_WARN_UNUSED_VARIABLE = NO;
				INSTALL_PATH = /usr/local/lib;
				IPHONEOS_DEPLOYMENT_TARGET = 4.0;
				OTHER_CFLAGS = "-DTI_POST_1_2";
				OTHER_LDFLAGS = "-ObjC";
				PRODUCT_NAME = ItScsoftShimmer;
				RUN_CLANG_STATIC_ANALYZER = NO;
				SDKROOT = iphoneos;
				USER_HEADER_SEARCH_PATHS = "";
			};
			name = Release;
		};
		24416B8211C4CA220047AFDD /* Debug */ = {
			isa = XCBuildConfiguration;
			baseConfigurationReference = 24DD6D1B1134B66800162E58 /* titanium.xcconfig */;
			buildSettings = {
				COPY_PHASE_STRIP = NO;
				GCC_DYNAMIC_NO_PIC = NO;
				GCC_OPTIMIZATION_LEVEL = 0;
				PRODUCT_NAME = "Build & test";
			};
			name = Debug;
		};
		24416B8311C4CA220047AFDD /* Release */ = {
			isa = XCBuildConfiguration;
			baseConfigurationReference = 24DD6D1B1134B66800162E58 /* titanium.xcconfig */;
			buildSettings = {
				COPY_PHASE_STRIP = YES;
				DEBUG_INFORMATION_FORMAT = "dwarf-with-dsym";
				GCC_ENABLE_FIX_AND_CONTINUE = NO;
				PRODUCT_NAME = "Build & test";
				ZERO_LINK = NO;
			};
			name = Release;
		};
/* End XCBuildConfiguration section */

/* Begin XCConfigurationList section */
		1DEB921E08733DC00010E9CD /* Build configuration list for PBXNativeTarget "Shimmer" */ = {
			isa = XCConfigurationList;
			buildConfigurations = (
				1DEB921F08733DC00010E9CD /* Debug */,
				1DEB922008733DC00010E9CD /* Release */,
			);
			defaultConfigurationIsVisible = 0;
			defaultConfigurationName = Release;
		};
		1DEB922208733DC00010E9CD /* Build configuration list for PBXProject "Shimmer" */ = {
			isa = XCConfigurationList;
			buildConfigurations = (
				1DEB922308733DC00010E9CD /* Debug */,
				1DEB922408733DC00010E9CD /* Release */,
			);
			defaultConfigurationIsVisible = 0;
			defaultConfigurationName = Release;
		};
		24416B8A11C4CA520047AFDD /* Build configuration list for PBXAggregateTarget "Build & Test" */ = {
			isa = XCConfigurationList;
			buildConfigurations = (
				24416B8211C4CA220047AFDD /* Debug */,
				24416B8311C4CA220047AFDD /* Release */,
			);
			defaultConfigurationIsVisible = 0;
			defaultConfigurationName = Release;
		};
/* End XCConfigurationList section */
	};
	rootObject = 0867D690FE84028FC02AAC07 /* Project object */;
}
